{
  "name": "workspace",
  "lockfileVersion": 3,
  "requires": true,
  "packages": {
    "": {
      "hasInstallScript": true,
      "devDependencies": {
        "@types/qz-tray": "^2.2.2"
      }
    },
    "node_modules/@types/qz-tray": {
      "version": "2.2.2",
      "resolved": "https://registry.npmjs.org/@types/qz-tray/-/qz-tray-2.2.2.tgz",
      "integrity": "sha512-/a0wZ5ZMd4kvD3KgafoXY07DVXd7JkEWOAoJQNf1Gvygb32y8cyxeHlfM93ic8NNGLC9bHMKxrafRyFFPsgASg==",
      "dev": true,
      "license": "MIT"
    }
  }
}
